
Microsoft Visual Studio Solution File, Format Version 12.00
# Visual Studio Version 16
VisualStudioVersion = 16.0.31205.134
MinimumVisualStudioVersion = 10.0.40219.1
Project("{9A19103F-16F7-4668-BE54-9A1E7A4F7556}") = "ToDoList", "ToDoList\ToDoList.csproj", "{22A9AAD6-7A75-4729-A6BD-CA407EFC6AC8}"
EndProject
Global
	GlobalSection(SolutionConfigurationPlatforms) = preSolution
		Debug|Any CPU = Debug|Any CPU
		Debug|x86 = Debug|x86
		Release|Any CPU = Release|Any CPU
		Release|x86 = Release|x86
	EndGlobalSection
	GlobalSection(ProjectConfigurationPlatforms) = postSolution
		{22A9AAD6-7A75-4729-A6BD-CA407EFC6AC8}.Debug|Any CPU.ActiveCfg = Debug|Any CPU
		{22A9AAD6-7A75-4729-A6BD-CA407EFC6AC8}.Debug|Any CPU.Build.0 = Debug|Any CPU
		{22A9AAD6-7A75-4729-A6BD-CA407EFC6AC8}.Debug|x86.ActiveCfg = Debug|Any CPU
		{22A9AAD6-7A75-4729-A6BD-CA407EFC6AC8}.Debug|x86.Build.0 = Debug|Any CPU
		{22A9AAD6-7A75-4729-A6BD-CA407EFC6AC8}.Release|Any CPU.ActiveCfg = Release|Any CPU
		{22A9AAD6-7A75-4729-A6BD-CA407EFC6AC8}.Release|Any CPU.Build.0 = Release|Any CPU
		{22A9AAD6-7A75-4729-A6BD-CA407EFC6AC8}.Release|x86.ActiveCfg = Release|Any CPU
		{22A9AAD6-7A75-4729-A6BD-CA407EFC6AC8}.Release|x86.Build.0 = Release|Any CPU
	EndGlobalSection
	GlobalSection(SolutionProperties) = preSolution
		HideSolutionNode = FALSE
	EndGlobalSection
	GlobalSection(ExtensibilityGlobals) = postSolution
		SolutionGuid = {CD36AF6C-DFDA-429F-849C-74C635986E3C}
	EndGlobalSection
EndGlobal
